# THIS IS AN AUTOGENERATED FILE. DO NOT EDIT THIS FILE DIRECTLY.
# yarn lockfile v1


"@veupathdb/genomics-site@^1.1.7-patch.1":
  version "1.1.7-patch.1"
  resolved "https://registry.yarnpkg.com/@veupathdb/genomics-site/-/genomics-site-1.1.7-patch.1.tgz#ae4e6b6efeb89bc6c59ddda04db81f4522fdf878"
  integrity sha512-twyi1xF7dzmUxEsRinfOqu250gi0PBIf8ze9HSw6yKI+MMYtmyZVPHu0ed/pKAxlJh7ItDsmwzUGXDbsGqOy4g==
