# THIS IS AN AUTOGENERATED FILE. DO NOT EDIT THIS FILE DIRECTLY.
# yarn lockfile v1


"@veupathdb/genomics-site@1.5.8":
  version "1.5.8"
  resolved "https://registry.yarnpkg.com/@veupathdb/genomics-site/-/genomics-site-1.5.8.tgz#e6b14e6a12f45fbe81728707db70038e5f870ba3"
  integrity sha512-6OHcn7AZPY4CNtmCy6XkWWyTNLFLVT0Cv65H9qOP1thzs8uklk0oKIMvYdbwhvWQzalnGYWSPDXpk/vPCCyI/A==
  dependencies:
    diff "^9.0.0"

diff@^9.0.0:
  version "9.0.0"
  resolved "https://registry.yarnpkg.com/diff/-/diff-9.0.0.tgz#297c31cd7c280f13dfe335791ec2063bd4a73a6f"
  integrity sha512-svtcdpS8CgJyqAjEQIXdb3OjhFVVYjzGAPO8WGCmRbrml64SPw/jJD4GoE98aR7r25A0XcgrK3F02yw9R/vhQw==
